
Microsoft Visual Studio Solution File, Format Version 12.00
# Visual Studio Version 17
VisualStudioVersion = 17.5.33414.496
MinimumVisualStudioVersion = 10.0.40219.1
Project("{FAE04EC0-301F-11D3-BF4B-00C04F79EFBC}") = "BigSchool", "BigSchool\BigSchool.csproj", "{2AF684F2-7859-4CCD-B7A6-BA11CEC99DFF}"
EndProject
Global
	GlobalSection(SolutionConfigurationPlatforms) = preSolution
		Debug|Any CPU = Debug|Any CPU
		Release|Any CPU = Release|Any CPU
	EndGlobalSection
	GlobalSection(ProjectConfigurationPlatforms) = postSolution
		{2AF684F2-7859-4CCD-B7A6-BA11CEC99DFF}.Debug|Any CPU.ActiveCfg = Debug|Any CPU
		{2AF684F2-7859-4CCD-B7A6-BA11CEC99DFF}.Debug|Any CPU.Build.0 = Debug|Any CPU
		{2AF684F2-7859-4CCD-B7A6-BA11CEC99DFF}.Release|Any CPU.ActiveCfg = Release|Any CPU
		{2AF684F2-7859-4CCD-B7A6-BA11CEC99DFF}.Release|Any CPU.Build.0 = Release|Any CPU
	EndGlobalSection
	GlobalSection(SolutionProperties) = preSolution
		HideSolutionNode = FALSE
	EndGlobalSection
	GlobalSection(ExtensibilityGlobals) = postSolution
		SolutionGuid = {53801E77-359B-440F-8AAD-81E1546B79A7}
	EndGlobalSection
EndGlobal
